
Microsoft Visual Studio Solution File, Format Version 12.00
# Visual Studio 15
VisualStudioVersion = 15.0.27703.2035
MinimumVisualStudioVersion = 10.0.40219.1
Project("{9A19103F-16F7-4668-BE54-9A1E7A4F7556}") = "CodingStandards", "CodingStandards\CodingStandards.csproj", "{49ADCD00-2E4B-43FB-AD97-08E96B8D7181}"
EndProject
Project("{9A19103F-16F7-4668-BE54-9A1E7A4F7556}") = "CodingStandards.Tests", "CodingStandards.Tests\CodingStandards.Tests.csproj", "{36F49741-9DC7-43F9-875A-2568F340A3AA}"
EndProject
Global
	GlobalSection(SolutionConfigurationPlatforms) = preSolution
		Debug|Any CPU = Debug|Any CPU
		Release|Any CPU = Release|Any CPU
	EndGlobalSection
	GlobalSection(ProjectConfigurationPlatforms) = postSolution
		{49ADCD00-2E4B-43FB-AD97-08E96B8D7181}.Debug|Any CPU.ActiveCfg = Debug|Any CPU
		{49ADCD00-2E4B-43FB-AD97-08E96B8D7181}.Debug|Any CPU.Build.0 = Debug|Any CPU
		{49ADCD00-2E4B-43FB-AD97-08E96B8D7181}.Release|Any CPU.ActiveCfg = Release|Any CPU
		{49ADCD00-2E4B-43FB-AD97-08E96B8D7181}.Release|Any CPU.Build.0 = Release|Any CPU
		{36F49741-9DC7-43F9-875A-2568F340A3AA}.Debug|Any CPU.ActiveCfg = Debug|Any CPU
		{36F49741-9DC7-43F9-875A-2568F340A3AA}.Debug|Any CPU.Build.0 = Debug|Any CPU
		{36F49741-9DC7-43F9-875A-2568F340A3AA}.Release|Any CPU.ActiveCfg = Release|Any CPU
		{36F49741-9DC7-43F9-875A-2568F340A3AA}.Release|Any CPU.Build.0 = Release|Any CPU
	EndGlobalSection
	GlobalSection(SolutionProperties) = preSolution
		HideSolutionNode = FALSE
	EndGlobalSection
	GlobalSection(ExtensibilityGlobals) = postSolution
		SolutionGuid = {CD9D7DDF-70C6-4BDD-B070-3DA927EAAB6F}
	EndGlobalSection
EndGlobal
